[[package]]
name = "grako"
version = "3.99.9"
description = "Grako takes a grammar in a variation of EBNF as input, and outputs a memoizing PEG/Packrat parser in Python."
category = "main"
optional = false
python-versions = "*"

[package.extras]
future-regex = ["regex"]

[[package]]
name = "graphviz"
version = "0.19.1"
description = "Simple Python interface for Graphviz"
category = "main"
optional = false
python-versions = ">=3.6"

[package.extras]
dev = ["tox (>=3)", "flake8", "pep8-naming", "wheel", "twine"]
docs = ["sphinx (>=1.8)", "sphinx-autodoc-typehints", "sphinx-rtd-theme"]
test = ["pytest (>=6)", "pytest-mock (>=3)", "mock (>=4)", "pytest-cov", "coverage"]

[metadata]
lock-version = "1.1"
python-versions = ">=3.7"
content-hash = "a6f98682aaa5a5b873a8dbee6385ac88ce460ea1e178ae177f2d4da20382f9cf"

[metadata.files]
grako = [
    {file = "grako-3.99.9-py2.py3-none-any.whl", hash = "sha256:28813fd09e31edf26761e2f814ef65adc073d432f0f1e4311ae5e5b1519978c2"},
    {file = "grako-3.99.9.zip", hash = "sha256:fcc37309eab7cd0cbbb26cfd6a54303fbb80a00a58ab295d1e665bc69189c364"},
]
graphviz = [
    {file = "graphviz-0.19.1-py3-none-any.whl", hash = "sha256:f34088c08be2ec16279dfa9c3b4ff3d1453c5c67597a33e2819b000e18d4c546"},
    {file = "graphviz-0.19.1.zip", hash = "sha256:09ed0cde452d015fe77c4845a210eb642f28d245f5bc250d4b97808cb8f49078"},
]
